# THIS IS AN AUTOGENERATED FILE. DO NOT EDIT THIS FILE DIRECTLY.
# yarn lockfile v1


"@fortawesome/fontawesome-free@^6.6.4":
  version "6.7.2"
  resolved "https://registry.yarnpkg.com/@fortawesome/fontawesome-free/-/fontawesome-free-6.7.2.tgz#8249de9b7e22fcb3ceb5e66090c30a1d5492b81a"
  integrity sha512-JUOtgFW6k9u4Y+xeIaEiLr3+cjoUPiAuLXoyKOJSia6Duzb7pq+A76P9ZdPDoAoxHdHzq6gE9/jKBGXlZT8FbA==

bootstrap@^5.3.8:
  version "5.3.8"
  resolved "https://registry.yarnpkg.com/bootstrap/-/bootstrap-5.3.8.tgz#6401a10057a22752d21f4e19055508980656aeed"
  integrity sha512-HP1SZDqaLDPwsNiqRqi5NcP0SSXciX2s9E+RyqJIIqGo+vJeN5AJVM98CXmW/Wux0nQ5L7jeWUdplCEf0Ee+tg==

"bravura@https://github.com/steinbergmedia/bravura#bravura-1.392":
  version "0.0.0"
  resolved "https://github.com/steinbergmedia/bravura#301087ca0b0d30b65d81bc3e718ff64b613e2a9a"

choices.js@^11.2.1:
  version "11.2.1"
  resolved "https://registry.yarnpkg.com/choices.js/-/choices.js-11.2.1.tgz#3c496ceb5a6df003c6e207d9100b32a3d9bfb3c0"
  integrity sha512-SyA0FRr0+UHOjKO/9oR0/hVYRgk3v5C9ZD+CLnQfLFR7ZSiNb/rQeAUOsqXaPTk/552X5dtvRaDiG94Ga7G2Gg==
  dependencies:
    fuse.js "^7.0.0"

fuse.js@^7.0.0:
  version "7.1.0"
  resolved "https://registry.yarnpkg.com/fuse.js/-/fuse.js-7.1.0.tgz#306228b4befeee11e05b027087c2744158527d09"
  integrity sha512-trLf4SzuuUxfusZADLINj+dE8clK1frKdmqiJNb1Es75fmI5oY6X2mxLVUciLLjxqw/xr72Dhy+lER6dGd02FQ==

"smufl@https://github.com/w3c/smufl#v1.4":
  version "0.0.0"
  resolved "https://github.com/w3c/smufl#753f551ca6f96bf24ba38aa2d8a317e706238c51"
